// !$*UTF8*$!
{
	archiveVersion = 1;
	classes = {
	};
	objectVersion = 56;
	objects = {

/* Begin PBXBuildFile section */
		CD469DDC2A5428B300949E0A /* FitMeAppApp.swift in Sources */ = {isa = PBXBuildFile; fileRef = CD469DDB2A5428B300949E0A /* FitMeAppApp.swift */; };
		CD469DDE2A5428B300949E0A /* ContentView.swift in Sources */ = {isa = PBXBuildFile; fileRef = CD469DDD2A5428B300949E0A /* ContentView.swift */; };
		CD469DE02A5428B300949E0A /* Assets.xcassets in Resources */ = {isa = PBXBuildFile; fileRef = CD469DDF2A5428B300949E0A /* Assets.xcassets */; };
		CD469DE32A5428B300949E0A /* Preview Assets.xcassets in Resources */ = {isa = PBXBuildFile; fileRef = CD469DE22A5428B300949E0A /* Preview Assets.xcassets */; };
		CD469DED2A5428B300949E0A /* FitMeAppTests.swift in Sources */ = {isa = PBXBuildFile; fileRef = CD469DEC2A5428B300949E0A /* FitMeAppTests.swift */; };
		CD469DF72A5428B400949E0A /* FitMeAppUITests.swift in Sources */ = {isa = PBXBuildFile; fileRef = CD469DF62A5428B400949E0A /* FitMeAppUITests.swift */; };
		CD469DF92A5428B400949E0A /* FitMeAppUITestsLaunchTests.swift in Sources */ = {isa = PBXBuildFile; fileRef = CD469DF82A5428B400949E0A /* FitMeAppUITestsLaunchTests.swift */; };
/* End PBXBuildFile section */

/* Begin PBXContainerItemProxy section */
		CD469DE92A5428B300949E0A /* PBXContainerItemProxy */ = {
			isa = PBXContainerItemProxy;
			containerPortal = CD469DD02A5428B300949E0A /* Project object */;
			proxyType = 1;
			remoteGlobalIDString = CD469DD72A5428B300949E0A;
			remoteInfo = FitMeApp;
		};
		CD469DF32A5428B400949E0A /* PBXContainerItemProxy */ = {
			isa = PBXContainerItemProxy;
			containerPortal = CD469DD02A5428B300949E0A /* Project object */;
			proxyType = 1;
			remoteGlobalIDString = CD469DD72A5428B300949E0A;
			remoteInfo = FitMeApp;
		};
/* End PBXContainerItemProxy section */

/* Begin PBXFileReference section */
		CD469DD82A5428B300949E0A /* FitMeApp.app */ = {isa = PBXFileReference; explicitFileType = wrapper.application; includeInIndex = 0; path = FitMeApp.app; sourceTree = BUILT_PRODUCTS_DIR; };
		CD469DDB2A5428B300949E0A /* FitMeAppApp.swift */ = {isa = PBXFileReference; lastKnownFileType = sourcecode.swift; path = FitMeAppApp.swift; sourceTree = "<group>"; };
		CD469DDD2A5428B300949E0A /* ContentView.swift */ = {isa = PBXFileReference; lastKnownFileType = sourcecode.swift; path = ContentView.swift; sourceTree = "<group>"; };
		CD469DDF2A5428B300949E0A /* Assets.xcassets */ = {isa = PBXFileReference; lastKnownFileType = folder.assetcatalog; path = Assets.xcassets; sourceTree = "<group>"; };
		CD469DE22A5428B300949E0A /* Preview Assets.xcassets */ = {isa = PBXFileReference; lastKnownFileType = folder.assetcatalog; path = "Preview Assets.xcassets"; sourceTree = "<group>"; };
		CD469DE82A5428B300949E0A /* FitMeAppTests.xctest */ = {isa = PBXFileReference; explicitFileType = wrapper.cfbundle; includeInIndex = 0; path = FitMeAppTests.xctest; sourceTree = BUILT_PRODUCTS_DIR; };
		CD469DEC2A5428B300949E0A /* FitMeAppTests.swift */ = {isa = PBXFileReference; lastKnownFileType = sourcecode.swift; path = FitMeAppTests.swift; sourceTree = "<group>"; };
		CD469DF22A5428B400949E0A /* FitMeAppUITests.xctest */ = {isa = PBXFileReference; explicitFileType = wrapper.cfbundle; includeInIndex = 0; path = FitMeAppUITests.xctest; sourceTree = BUILT_PRODUCTS_DIR; };
		CD469DF62A5428B400949E0A /* FitMeAppUITests.swift */ = {isa = PBXFileReference; lastKnownFileType = sourcecode.swift; path = FitMeAppUITests.swift; sourceTree = "<group>"; };
		CD469DF82A5428B400949E0A /* FitMeAppUITestsLaunchTests.swift */ = {isa = PBXFileReference; lastKnownFileType = sourcecode.swift; path = FitMeAppUITestsLaunchTests.swift; sourceTree = "<group>"; };
/* End PBXFileReference section */

/* Begin PBXFrameworksBuildPhase section */
		CD469DD52A5428B300949E0A /* Frameworks */ = {
			isa = PBXFrameworksBuildPhase;
			buildActionMask = 2147483647;
			files = (
			);
			runOnlyForDeploymentPostprocessing = 0;
		};
		CD469DE52A5428B300949E0A /* Frameworks */ = {
			isa = PBXFrameworksBuildPhase;
			buildActionMask = 2147483647;
			files = (
			);
			runOnlyForDeploymentPostprocessing = 0;
		};
		CD469DEF2A5428B400949E0A /* Frameworks */ = {
			isa = PBXFrameworksBuildPhase;
			buildActionMask = 2147483647;
			files = (
			);
			runOnlyForDeploymentPostprocessing = 0;
		};
/* End PBXFrameworksBuildPhase section */

/* Begin PBXGroup section */
		CD469DCF2A5428B300949E0A = {
			isa = PBXGroup;
			children = (
				CD469DDA2A5428B300949E0A /* FitMeApp */,
				CD469DEB2A5428B300949E0A /* FitMeAppTests */,
				CD469DF52A5428B400949E0A /* FitMeAppUITests */,
				CD469DD92A5428B300949E0A /* Products */,
			);
			sourceTree = "<group>";
		};
		CD469DD92A5428B300949E0A /* Products */ = {
			isa = PBXGroup;
			children = (
				CD469DD82A5428B300949E0A /* FitMeApp.app */,
				CD469DE82A5428B300949E0A /* FitMeAppTests.xctest */,
				CD469DF22A5428B400949E0A /* FitMeAppUITests.xctest */,
			);
			name = Products;
			sourceTree = "<group>";
		};
		CD469DDA2A5428B300949E0A /* FitMeApp */ = {
			isa = PBXGroup;
			children = (
				CD469DDB2A5428B300949E0A /* FitMeAppApp.swift */,
				CD469DDD2A5428B300949E0A /* ContentView.swift */,
				CD469DDF2A5428B300949E0A /* Assets.xcassets */,
				CD469DE12A5428B300949E0A /* Preview Content */,
			);
			path = FitMeApp;
			sourceTree = "<group>";
		};
		CD469DE12A5428B300949E0A /* Preview Content */ = {
			isa = PBXGroup;
			children = (
				CD469DE22A5428B300949E0A /* Preview Assets.xcassets */,
			);
			path = "Preview Content";
			sourceTree = "<group>";
		};
		CD469DEB2A5428B300949E0A /* FitMeAppTests */ = {
			isa = PBXGroup;
			children = (
				CD469DEC2A5428B300949E0A /* FitMeAppTests.swift */,
			);
			path = FitMeAppTests;
			sourceTree = "<group>";
		};
		CD469DF52A5428B400949E0A /* FitMeAppUITests */ = {
			isa = PBXGroup;
			children = (
				CD469DF62A5428B400949E0A /* FitMeAppUITests.swift */,
				CD469DF82A5428B400949E0A /* FitMeAppUITestsLaunchTests.swift */,
			);
			path = FitMeAppUITests;
			sourceTree = "<group>";
		};
/* End PBXGroup section */

/* Begin PBXNativeTarget section */
		CD469DD72A5428B300949E0A /* FitMeApp */ = {
			isa = PBXNativeTarget;
			buildConfigurationList = CD469DFC2A5428B400949E0A /* Build configuration list for PBXNativeTarget "FitMeApp" */;
			buildPhases = (
				CD469DD42A5428B300949E0A /* Sources */,
				CD469DD52A5428B300949E0A /* Frameworks */,
				CD469DD62A5428B300949E0A /* Resources */,
			);
			buildRules = (
			);
			dependencies = (
			);
			name = FitMeApp;
			productName = FitMeApp;
			productReference = CD469DD82A5428B300949E0A /* FitMeApp.app */;
			productType = "com.apple.product-type.application";
		};
		CD469DE72A5428B300949E0A /* FitMeAppTests */ = {
			isa = PBXNativeTarget;
			buildConfigurationList = CD469DFF2A5428B400949E0A /* Build configuration list for PBXNativeTarget "FitMeAppTests" */;
			buildPhases = (
				CD469DE42A5428B300949E0A /* Sources */,
				CD469DE52A5428B300949E0A /* Frameworks */,
				CD469DE62A5428B300949E0A /* Resources */,
			);
			buildRules = (
			);
			dependencies = (
				CD469DEA2A5428B300949E0A /* PBXTargetDependency */,
			);
			name = FitMeAppTests;
			productName = FitMeAppTests;
			productReference = CD469DE82A5428B300949E0A /* FitMeAppTests.xctest */;
			productType = "com.apple.product-type.bundle.unit-test";
		};
		CD469DF12A5428B400949E0A /* FitMeAppUITests */ = {
			isa = PBXNativeTarget;
			buildConfigurationList = CD469E022A5428B400949E0A /* Build configuration list for PBXNativeTarget "FitMeAppUITests" */;
			buildPhases = (
				CD469DEE2A5428B400949E0A /* Sources */,
				CD469DEF2A5428B400949E0A /* Frameworks */,
				CD469DF02A5428B400949E0A /* Resources */,
			);
			buildRules = (
			);
			dependencies = (
				CD469DF42A5428B400949E0A /* PBXTargetDependency */,
			);
			name = FitMeAppUITests;
			productName = FitMeAppUITests;
			productReference = CD469DF22A5428B400949E0A /* FitMeAppUITests.xctest */;
			productType = "com.apple.product-type.bundle.ui-testing";
		};
/* End PBXNativeTarget section */

/* Begin PBXProject section */
		CD469DD02A5428B300949E0A /* Project object */ = {
			isa = PBXProject;
			attributes = {
				BuildIndependentTargetsInParallel = 1;
				LastSwiftUpdateCheck = 1430;
				LastUpgradeCheck = 1430;
				TargetAttributes = {
					CD469DD72A5428B300949E0A = {
						CreatedOnToolsVersion = 14.3;
					};
					CD469DE72A5428B300949E0A = {
						CreatedOnToolsVersion = 14.3;
						TestTargetID = CD469DD72A5428B300949E0A;
					};
					CD469DF12A5428B400949E0A = {
						CreatedOnToolsVersion = 14.3;
						TestTargetID = CD469DD72A5428B300949E0A;
					};
				};
			};
			buildConfigurationList = CD469DD32A5428B300949E0A /* Build configuration list for PBXProject "FitMeApp" */;
			compatibilityVersion = "Xcode 14.0";
			developmentRegion = en;
			hasScannedForEncodings = 0;
			knownRegions = (
				en,
				Base,
			);
			mainGroup = CD469DCF2A5428B300949E0A;
			productRefGroup = CD469DD92A5428B300949E0A /* Products */;
			projectDirPath = "";
			projectRoot = "";
			targets = (
				CD469DD72A5428B300949E0A /* FitMeApp */,
				CD469DE72A5428B300949E0A /* FitMeAppTests */,
				CD469DF12A5428B400949E0A /* FitMeAppUITests */,
			);
		};
/* End PBXProject section */

/* Begin PBXResourcesBuildPhase section */
		CD469DD62A5428B300949E0A /* Resources */ = {
			isa = PBXResourcesBuildPhase;
			buildActionMask = 2147483647;
			files = (
				CD469DE32A5428B300949E0A /* Preview Assets.xcassets in Resources */,
				CD469DE02A5428B300949E0A /* Assets.xcassets in Resources */,
			);
			runOnlyForDeploymentPostprocessing = 0;
		};
		CD469DE62A5428B300949E0A /* Resources */ = {
			isa = PBXResourcesBuildPhase;
			buildActionMask = 2147483647;
			files = (
			);
			runOnlyForDeploymentPostprocessing = 0;
		};
		CD469DF02A5428B400949E0A /* Resources */ = {
			isa = PBXResourcesBuildPhase;
			buildActionMask = 2147483647;
			files = (
			);
			runOnlyForDeploymentPostprocessing = 0;
		};
/* End PBXResourcesBuildPhase section */

/* Begin PBXSourcesBuildPhase section */
		CD469DD42A5428B300949E0A /* Sources */ = {
			isa = PBXSourcesBuildPhase;
			buildActionMask = 2147483647;
			files = (
				CD469DDE2A5428B300949E0A /* ContentView.swift in Sources */,
				CD469DDC2A5428B300949E0A /* FitMeAppApp.swift in Sources */,
			);
			runOnlyForDeploymentPostprocessing = 0;
		};
		CD469DE42A5428B300949E0A /* Sources */ = {
			isa = PBXSourcesBuildPhase;
			buildActionMask = 2147483647;
			files = (
				CD469DED2A5428B300949E0A /* FitMeAppTests.swift in Sources */,
			);
			runOnlyForDeploymentPostprocessing = 0;
		};
		CD469DEE2A5428B400949E0A /* Sources */ = {
			isa = PBXSourcesBuildPhase;
			buildActionMask = 2147483647;
			files = (
				CD469DF92A5428B400949E0A /* FitMeAppUITestsLaunchTests.swift in Sources */,
				CD469DF72A5428B400949E0A /* FitMeAppUITests.swift in Sources */,
			);
			runOnlyForDeploymentPostprocessing = 0;
		};
/* End PBXSourcesBuildPhase section */

/* Begin PBXTargetDependency section */
		CD469DEA2A5428B300949E0A /* PBXTargetDependency */ = {
			isa = PBXTargetDependency;
			target = CD469DD72A5428B300949E0A /* FitMeApp */;
			targetProxy = CD469DE92A5428B300949E0A /* PBXContainerItemProxy */;
		};
		CD469DF42A5428B400949E0A /* PBXTargetDependency */ = {
			isa = PBXTargetDependency;
			target = CD469DD72A5428B300949E0A /* FitMeApp */;
			targetProxy = CD469DF32A5428B400949E0A /* PBXContainerItemProxy */;
		};
/* End PBXTargetDependency section */

/* Begin XCBuildConfiguration section */
		CD469DFA2A5428B400949E0A /* Debug */ = {
			isa = XCBuildConfiguration;
			buildSettings = {
				ALWAYS_SEARCH_USER_PATHS = NO;
				CLANG_ANALYZER_NONNULL = YES;
				CLANG_ANALYZER_NUMBER_OBJECT_CONVERSION = YES_AGGRESSIVE;
				CLANG_CXX_LANGUAGE_STANDARD = "gnu++20";
				CLANG_ENABLE_MODULES = YES;
				CLANG_ENABLE_OBJC_ARC = YES;
				CLANG_ENABLE_OBJC_WEAK = YES;
				CLANG_WARN_BLOCK_CAPTURE_AUTORELEASING = YES;
				CLANG_WARN_BOOL_CONVERSION = YES;
				CLANG_WARN_COMMA = YES;
				CLANG_WARN_CONSTANT_CONVERSION = YES;
				CLANG_WARN_DEPRECATED_OBJC_IMPLEMENTATIONS = YES;
				CLANG_WARN_DIRECT_OBJC_ISA_USAGE = YES_ERROR;
				CLANG_WARN_DOCUMENTATION_COMMENTS = YES;
				CLANG_WARN_EMPTY_BODY = YES;
				CLANG_WARN_ENUM_CONVERSION = YES;
				CLANG_WARN_INFINITE_RECURSION = YES;
				CLANG_WARN_INT_CONVERSION = YES;
				CLANG_WARN_NON_LITERAL_NULL_CONVERSION = YES;
				CLANG_WARN_OBJC_IMPLICIT_RETAIN_SELF = YES;
				CLANG_WARN_OBJC_LITERAL_CONVERSION = YES;
				CLANG_WARN_OBJC_ROOT_CLASS = YES_ERROR;
				CLANG_WARN_QUOTED_INCLUDE_IN_FRAMEWORK_HEADER = YES;
				CLANG_WARN_RANGE_LOOP_ANALYSIS = YES;
				CLANG_WARN_STRICT_PROTOTYPES = YES;
				CLANG_WARN_SUSPICIOUS_MOVE = YES;
				CLANG_WARN_UNGUARDED_AVAILABILITY = YES_AGGRESSIVE;
				CLANG_WARN_UNREACHABLE_CODE = YES;
				CLANG_WARN__DUPLICATE_METHOD_MATCH = YES;
				COPY_PHASE_STRIP = NO;
				DEBUG_INFORMATION_FORMAT = dwarf;
				ENABLE_STRICT_OBJC_MSGSEND = YES;
				ENABLE_TESTABILITY = YES;
				GCC_C_LANGUAGE_STANDARD = gnu11;
				GCC_DYNAMIC_NO_PIC = NO;
				GCC_NO_COMMON_BLOCKS = YES;
				GCC_OPTIMIZATION_LEVEL = 0;
				GCC_PREPROCESSOR_DEFINITIONS = (
					"DEBUG=1",
					"$(inherited)",
				);
				GCC_WARN_64_TO_32_BIT_CONVERSION = YES;
				GCC_WARN_ABOUT_RETURN_TYPE = YES_ERROR;
				GCC_WARN_UNDECLARED_SELECTOR = YES;
				GCC_WARN_UNINITIALIZED_AUTOS = YES_AGGRESSIVE;
				GCC_WARN_UNUSED_FUNCTION = YES;
				GCC_WARN_UNUSED_VARIABLE = YES;
				IPHONEOS_DEPLOYMENT_TARGET = 16.4;
				MTL_ENABLE_DEBUG_INFO = INCLUDE_SOURCE;
				MTL_FAST_MATH = YES;
				ONLY_ACTIVE_ARCH = YES;
				SDKROOT = iphoneos;
				SWIFT_ACTIVE_COMPILATION_CONDITIONS = DEBUG;
				SWIFT_OPTIMIZATION_LEVEL = "-Onone";
			};
			name = Debug;
		};
		CD469DFB2A5428B400949E0A /* Release */ = {
			isa = XCBuildConfiguration;
			buildSettings = {
				ALWAYS_SEARCH_USER_PATHS = NO;
				CLANG_ANALYZER_NONNULL = YES;
				CLANG_ANALYZER_NUMBER_OBJECT_CONVERSION = YES_AGGRESSIVE;
				CLANG_CXX_LANGUAGE_STANDARD = "gnu++20";
				CLANG_ENABLE_MODULES = YES;
				CLANG_ENABLE_OBJC_ARC = YES;
				CLANG_ENABLE_OBJC_WEAK = YES;
				CLANG_WARN_BLOCK_CAPTURE_AUTORELEASING = YES;
				CLANG_WARN_BOOL_CONVERSION = YES;
				CLANG_WARN_COMMA = YES;
				CLANG_WARN_CONSTANT_CONVERSION = YES;
				CLANG_WARN_DEPRECATED_OBJC_IMPLEMENTATIONS = YES;
				CLANG_WARN_DIRECT_OBJC_ISA_USAGE = YES_ERROR;
				CLANG_WARN_DOCUMENTATION_COMMENTS = YES;
				CLANG_WARN_EMPTY_BODY = YES;
				CLANG_WARN_ENUM_CONVERSION = YES;
				CLANG_WARN_INFINITE_RECURSION = YES;
				CLANG_WARN_INT_CONVERSION = YES;
				CLANG_WARN_NON_LITERAL_NULL_CONVERSION = YES;
				CLANG_WARN_OBJC_IMPLICIT_RETAIN_SELF = YES;
				CLANG_WARN_OBJC_LITERAL_CONVERSION = YES;
				CLANG_WARN_OBJC_ROOT_CLASS = YES_ERROR;
				CLANG_WARN_QUOTED_INCLUDE_IN_FRAMEWORK_HEADER = YES;
				CLANG_WARN_RANGE_LOOP_ANALYSIS = YES;
				CLANG_WARN_STRICT_PROTOTYPES = YES;
				CLANG_WARN_SUSPICIOUS_MOVE = YES;
				CLANG_WARN_UNGUARDED_AVAILABILITY = YES_AGGRESSIVE;
				CLANG_WARN_UNREACHABLE_CODE = YES;
				CLANG_WARN__DUPLICATE_METHOD_MATCH = YES;
				COPY_PHASE_STRIP = NO;
				DEBUG_INFORMATION_FORMAT = "dwarf-with-dsym";
				ENABLE_NS_ASSERTIONS = NO;
				ENABLE_STRICT_OBJC_MSGSEND = YES;
				GCC_C_LANGUAGE_STANDARD = gnu11;
				GCC_NO_COMMON_BLOCKS = YES;
				GCC_WARN_64_TO_32_BIT_CONVERSION = YES;
				GCC_WARN_ABOUT_RETURN_TYPE = YES_ERROR;
				GCC_WARN_UNDECLARED_SELECTOR = YES;
				GCC_WARN_UNINITIALIZED_AUTOS = YES_AGGRESSIVE;
				GCC_WARN_UNUSED_FUNCTION = YES;
				GCC_WARN_UNUSED_VARIABLE = YES;
				IPHONEOS_DEPLOYMENT_TARGET = 16.4;
				MTL_ENABLE_DEBUG_INFO = NO;
				MTL_FAST_MATH = YES;
				SDKROOT = iphoneos;
				SWIFT_COMPILATION_MODE = wholemodule;
				SWIFT_OPTIMIZATION_LEVEL = "-O";
				VALIDATE_PRODUCT = YES;
			};
			name = Release;
		};
		CD469DFD2A5428B400949E0A /* Debug */ = {
			isa = XCBuildConfiguration;
			buildSettings = {
				ASSETCATALOG_COMPILER_APPICON_NAME = AppIcon;
				ASSETCATALOG_COMPILER_GLOBAL_ACCENT_COLOR_NAME = AccentColor;
				CODE_SIGN_STYLE = Automatic;
				CURRENT_PROJECT_VERSION = 1;
				DEVELOPMENT_ASSET_PATHS = "\"FitMeApp/Preview Content\"";
				ENABLE_PREVIEWS = YES;
				GENERATE_INFOPLIST_FILE = YES;
				INFOPLIST_KEY_UIApplicationSceneManifest_Generation = YES;
				INFOPLIST_KEY_UIApplicationSupportsIndirectInputEvents = YES;
				INFOPLIST_KEY_UILaunchScreen_Generation = YES;
				INFOPLIST_KEY_UISupportedInterfaceOrientations_iPad = "UIInterfaceOrientationPortrait UIInterfaceOrientationPortraitUpsideDown UIInterfaceOrientationLandscapeLeft UIInterfaceOrientationLandscapeRight";
				INFOPLIST_KEY_UISupportedInterfaceOrientations_iPhone = "UIInterfaceOrientationPortrait UIInterfaceOrientationLandscapeLeft UIInterfaceOrientationLandscapeRight";
				LD_RUNPATH_SEARCH_PATHS = (
					"$(inherited)",
					"@executable_path/Frameworks",
				);
				MARKETING_VERSION = 1.0;
				PRODUCT_BUNDLE_IDENTIFIER = com.shacharDev.FitMeApp;
				PRODUCT_NAME = "$(TARGET_NAME)";
				SWIFT_EMIT_LOC_STRINGS = YES;
				SWIFT_VERSION = 5.0;
				TARGETED_DEVICE_FAMILY = "1,2";
			};
			name = Debug;
		};
		CD469DFE2A5428B400949E0A /* Release */ = {
			isa = XCBuildConfiguration;
			buildSettings = {
				ASSETCATALOG_COMPILER_APPICON_NAME = AppIcon;
				ASSETCATALOG_COMPILER_GLOBAL_ACCENT_COLOR_NAME = AccentColor;
				CODE_SIGN_STYLE = Automatic;
				CURRENT_PROJECT_VERSION = 1;
				DEVELOPMENT_ASSET_PATHS = "\"FitMeApp/Preview Content\"";
				ENABLE_PREVIEWS = YES;
				GENERATE_INFOPLIST_FILE = YES;
				INFOPLIST_KEY_UIApplicationSceneManifest_Generation = YES;
				INFOPLIST_KEY_UIApplicationSupportsIndirectInputEvents = YES;
				INFOPLIST_KEY_UILaunchScreen_Generation = YES;
				INFOPLIST_KEY_UISupportedInterfaceOrientations_iPad = "UIInterfaceOrientationPortrait UIInterfaceOrientationPortraitUpsideDown UIInterfaceOrientationLandscapeLeft UIInterfaceOrientationLandscapeRight";
				INFOPLIST_KEY_UISupportedInterfaceOrientations_iPhone = "UIInterfaceOrientationPortrait UIInterfaceOrientationLandscapeLeft UIInterfaceOrientationLandscapeRight";
				LD_RUNPATH_SEARCH_PATHS = (
					"$(inherited)",
					"@executable_path/Frameworks",
				);
				MARKETING_VERSION = 1.0;
				PRODUCT_BUNDLE_IDENTIFIER = com.shacharDev.FitMeApp;
				PRODUCT_NAME = "$(TARGET_NAME)";
				SWIFT_EMIT_LOC_STRINGS = YES;
				SWIFT_VERSION = 5.0;
				TARGETED_DEVICE_FAMILY = "1,2";
			};
			name = Release;
		};
		CD469E002A5428B400949E0A /* Debug */ = {
			isa = XCBuildConfiguration;
			buildSettings = {
				ALWAYS_EMBED_SWIFT_STANDARD_LIBRARIES = YES;
				BUNDLE_LOADER = "$(TEST_HOST)";
				CODE_SIGN_STYLE = Automatic;
				CURRENT_PROJECT_VERSION = 1;
				GENERATE_INFOPLIST_FILE = YES;
				IPHONEOS_DEPLOYMENT_TARGET = 16.4;
				MARKETING_VERSION = 1.0;
				PRODUCT_BUNDLE_IDENTIFIER = com.shacharDev.FitMeAppTests;
				PRODUCT_NAME = "$(TARGET_NAME)";
				SWIFT_EMIT_LOC_STRINGS = NO;
				SWIFT_VERSION = 5.0;
				TARGETED_DEVICE_FAMILY = "1,2";
				TEST_HOST = "$(BUILT_PRODUCTS_DIR)/FitMeApp.app/$(BUNDLE_EXECUTABLE_FOLDER_PATH)/FitMeApp";
			};
			name = Debug;
		};
		CD469E012A5428B400949E0A /* Release */ = {
			isa = XCBuildConfiguration;
			buildSettings = {
				ALWAYS_EMBED_SWIFT_STANDARD_LIBRARIES = YES;
				BUNDLE_LOADER = "$(TEST_HOST)";
				CODE_SIGN_STYLE = Automatic;
				CURRENT_PROJECT_VERSION = 1;
				GENERATE_INFOPLIST_FILE = YES;
				IPHONEOS_DEPLOYMENT_TARGET = 16.4;
				MARKETING_VERSION = 1.0;
				PRODUCT_BUNDLE_IDENTIFIER = com.shacharDev.FitMeAppTests;
				PRODUCT_NAME = "$(TARGET_NAME)";
				SWIFT_EMIT_LOC_STRINGS = NO;
				SWIFT_VERSION = 5.0;
				TARGETED_DEVICE_FAMILY = "1,2";
				TEST_HOST = "$(BUILT_PRODUCTS_DIR)/FitMeApp.app/$(BUNDLE_EXECUTABLE_FOLDER_PATH)/FitMeApp";
			};
			name = Release;
		};
		CD469E032A5428B400949E0A /* Debug */ = {
			isa = XCBuildConfiguration;
			buildSettings = {
				ALWAYS_EMBED_SWIFT_STANDARD_LIBRARIES = YES;
				CODE_SIGN_STYLE = Automatic;
				CURRENT_PROJECT_VERSION = 1;
				GENERATE_INFOPLIST_FILE = YES;
				MARKETING_VERSION = 1.0;
				PRODUCT_BUNDLE_IDENTIFIER = com.shacharDev.FitMeAppUITests;
				PRODUCT_NAME = "$(TARGET_NAME)";
				SWIFT_EMIT_LOC_STRINGS = NO;
				SWIFT_VERSION = 5.0;
				TARGETED_DEVICE_FAMILY = "1,2";
				TEST_TARGET_NAME = FitMeApp;
			};
			name = Debug;
		};
		CD469E042A5428B400949E0A /* Release */ = {
			isa = XCBuildConfiguration;
			buildSettings = {
				ALWAYS_EMBED_SWIFT_STANDARD_LIBRARIES = YES;
				CODE_SIGN_STYLE = Automatic;
				CURRENT_PROJECT_VERSION = 1;
				GENERATE_INFOPLIST_FILE = YES;
				MARKETING_VERSION = 1.0;
				PRODUCT_BUNDLE_IDENTIFIER = com.shacharDev.FitMeAppUITests;
				PRODUCT_NAME = "$(TARGET_NAME)";
				SWIFT_EMIT_LOC_STRINGS = NO;
				SWIFT_VERSION = 5.0;
				TARGETED_DEVICE_FAMILY = "1,2";
				TEST_TARGET_NAME = FitMeApp;
			};
			name = Release;
		};
/* End XCBuildConfiguration section */

/* Begin XCConfigurationList section */
		CD469DD32A5428B300949E0A /* Build configuration list for PBXProject "FitMeApp" */ = {
			isa = XCConfigurationList;
			buildConfigurations = (
				CD469DFA2A5428B400949E0A /* Debug */,
				CD469DFB2A5428B400949E0A /* Release */,
			);
			defaultConfigurationIsVisible = 0;
			defaultConfigurationName = Release;
		};
		CD469DFC2A5428B400949E0A /* Build configuration list for PBXNativeTarget "FitMeApp" */ = {
			isa = XCConfigurationList;
			buildConfigurations = (
				CD469DFD2A5428B400949E0A /* Debug */,
				CD469DFE2A5428B400949E0A /* Release */,
			);
			defaultConfigurationIsVisible = 0;
			defaultConfigurationName = Release;
		};
		CD469DFF2A5428B400949E0A /* Build configuration list for PBXNativeTarget "FitMeAppTests" */ = {
			isa = XCConfigurationList;
			buildConfigurations = (
				CD469E002A5428B400949E0A /* Debug */,
				CD469E012A5428B400949E0A /* Release */,
			);
			defaultConfigurationIsVisible = 0;
			defaultConfigurationName = Release;
		};
		CD469E022A5428B400949E0A /* Build configuration list for PBXNativeTarget "FitMeAppUITests" */ = {
			isa = XCConfigurationList;
			buildConfigurations = (
				CD469E032A5428B400949E0A /* Debug */,
				CD469E042A5428B400949E0A /* Release */,
			);
			defaultConfigurationIsVisible = 0;
			defaultConfigurationName = Release;
		};
/* End XCConfigurationList section */
	};
	rootObject = CD469DD02A5428B300949E0A /* Project object */;
}
